# Type is either 'analog' (with two digits) or 'digital' (00:00)
type: analog

# -----------------------------------------------------------------------------------
# Digital clock info
# -----------------------------------------------------------------------------------
# A digital clock MUST have the following PNG files in its directory:
# 'background.png' - 128x128 pixel clock face.
# '0.png'
# '1.png'
# '2.png'
# '3.png'
# '4.png'
# '5.png'
# '6.png'
# '7.png'
# '8.png'
# '9.png'
# 'separator.png' - Character which separates hours and minutes, e.g. color (":")
# - The graphics will automatically be aligned by their baseline (lower end).
# - The width of each number is determined automatically.
# Make sure that the numbers will always properly fit on the clock.

# -----------------------------------------------------------------------------------
# Analog clock info
# -----------------------------------------------------------------------------------
# An analog clock must have the following PNG file in its directory:
# 'background.png' - 128x128 pixel clock face.

# Optional: Define radius (larger radius increases length of minute and hour hands).
radius: 54

# Define the center point, where the hour and minute are rotating around.
# The map size is 128x128 pixel, so the default is 64,64 (center).
# These are the X and Y coordinates in pixels.
center:
  x: 64
  y: 64

# Optional: Define colors (Minecraft 16 color hex scheme)
# for the hour and minute hand, and the center bubble.
# Will default to dark grey if not specified.
colors:
  minutes: "&8"
  hours: "&8"
  center: "&8"

# Color codes:
#
# Dark Red     - &4
# Red          - &c
# Gold         - &6
# Yellow       - &e
# Dark Green   - &2
# Green        - &a
# Aqua         - &b
# Dark Aqua    - &3
# Blue         - &9
# Light Purple - &d
# Dark Purple  - &5
# White        - &f
# Gray         - &7
# Dark Gray    - &8
# Black        - &0
